PODS:
  - Blackhole/BrightFutures (0.1.4):
    - BrightFutures (~> 5.0.1)
  - BrightFutures (5.0.1):
    - Result (~> 3.0)
  - Result (3.1.0)

DEPENDENCIES:
  - Blackhole/BrightFutures (from `../`)

EXTERNAL SOURCES:
  Blackhole:
    :path: ../

SPEC CHECKSUMS:
  Blackhole: c897a440b5f5ed1ae912a76fc790103d2ac33f5c
  BrightFutures: 72fbc51227fa912ccdd5af04f2f6cea0b2d401a6
  Result: 4e3ed5995ed94d0cd6a09be9a431fce3f3624bbf

PODFILE CHECKSUM: a520dc6e16414c599e3dc0062350acd79b7e6578

COCOAPODS: 1.1.1
