PODS:
  - Blackhole/BrightFutures (0.1.4):
    - BrightFutures (~> 5.0.1)
  - BrightFutures (5.0.1):
    - Result (~> 3.0)
  - Result (3.0.0)

DEPENDENCIES:
  - Blackhole/BrightFutures (from `../`)

EXTERNAL SOURCES:
  Blackhole:
    :path: ../

SPEC CHECKSUMS:
  Blackhole: 6254dea98e7989b3175f708397dd3f05c9c4786c
  BrightFutures: 72fbc51227fa912ccdd5af04f2f6cea0b2d401a6
  Result: 1b3e431f37cbcd3ad89c6aa9ab0ae55515fae3b6

PODFILE CHECKSUM: 403e35b7ad7818246b4742a15ba38df322a92c8e

COCOAPODS: 1.1.1
