PODS:
  - Blackhole/BrightFutures (1.0.2):
    - BrightFutures (~> 5.1)
  - BrightFutures (5.1.0):
    - Result (~> 3.0)
  - Result (3.1.0)

DEPENDENCIES:
  - Blackhole/BrightFutures (from `../`)

EXTERNAL SOURCES:
  Blackhole:
    :path: ../

SPEC CHECKSUMS:
  Blackhole: fd232837dad74f6b31fce8c9a5f54eaf37cf2361
  BrightFutures: 62aafb1a63520eda91c9286bf4be33e58e043938
  Result: 4e3ed5995ed94d0cd6a09be9a431fce3f3624bbf

PODFILE CHECKSUM: a520dc6e16414c599e3dc0062350acd79b7e6578

COCOAPODS: 1.1.1
